{
  "version": "5",
  "redirects": {
    "https://esm.sh/@supabase/functions-js@^2.1.5?target=denonext": "https://esm.sh/@supabase/functions-js@2.4.5?target=denonext",
    "https://esm.sh/@supabase/gotrue-js@^2.56.0?target=denonext": "https://esm.sh/@supabase/gotrue-js@2.71.1?target=denonext",
    "https://esm.sh/@supabase/node-fetch@^2.6.13?target=denonext": "https://esm.sh/@supabase/node-fetch@2.6.15?target=denonext",
    "https://esm.sh/@supabase/node-fetch@^2.6.14?target=denonext": "https://esm.sh/@supabase/node-fetch@2.6.15?target=denonext",
    "https://esm.sh/@supabase/postgrest-js@^1.8.5?target=denonext": "https://esm.sh/@supabase/postgrest-js@1.21.0?target=denonext",
    "https://esm.sh/@supabase/realtime-js@^2.8.4?target=denonext": "https://esm.sh/@supabase/realtime-js@2.12.2?target=denonext",
    "https://esm.sh/@supabase/storage-js@^2.5.4?target=denonext": "https://esm.sh/@supabase/storage-js@2.10.2?target=denonext",
    "https://esm.sh/isows@^1.0.7?target=denonext": "https://esm.sh/isows@1.0.7?target=denonext",
    "https://esm.sh/tr46@~0.0.3?target=denonext": "https://esm.sh/tr46@0.0.3?target=denonext",
    "https://esm.sh/webidl-conversions@^3.0.0?target=denonext": "https://esm.sh/webidl-conversions@3.0.1?target=denonext",
    "https://esm.sh/whatwg-url@^5.0.0?target=denonext": "https://esm.sh/whatwg-url@5.0.0?target=denonext"
  },
  "remote": {
    "https://esm.sh/@supabase/functions-js@2.4.5/denonext/functions-js.mjs": "acfcb4db90c292c335a9dbb5664485f5e0b680533d68e6942abb9387ec7e0d0b",
    "https://esm.sh/@supabase/functions-js@2.4.5?target=denonext": "436c192af672106cd6eda10f518ed49795c21e78af5eb0d7000507e0886c6afa",
    "https://esm.sh/@supabase/gotrue-js@2.71.1/denonext/gotrue-js.mjs": "746cca5b920c651d2c60d2163971f6a9153654508ec940a10af5111e38e43c5b",
    "https://esm.sh/@supabase/gotrue-js@2.71.1?target=denonext": "182ef71da6bbccf5696027c0ff2df5fae9151d7bc56a5925dd3b7f86c34b56a2",
    "https://esm.sh/@supabase/node-fetch@2.6.15/denonext/node-fetch.mjs": "0bae9052231f4f6dbccc7234d05ea96923dbf967be12f402764580b6bf9f713d",
    "https://esm.sh/@supabase/node-fetch@2.6.15?target=denonext": "4d28c4ad97328403184353f68434f2b6973971507919e9150297413664919cf3",
    "https://esm.sh/@supabase/postgrest-js@1.21.0/denonext/postgrest-js.mjs": "9949f7f1188130ebb841fb1da17c25df288aad9a6c25032f041cee4d3b5ffe8c",
    "https://esm.sh/@supabase/postgrest-js@1.21.0?target=denonext": "d8b05ac2b1486012a6e3c7d38d012376ff030fc84580b5894c3d368b99b08958",
    "https://esm.sh/@supabase/realtime-js@2.12.2/denonext/realtime-js.mjs": "d01faf4b54122096ab9e0b1e2aee43429231d6d21e526496c9fe6185e916ed5d",
    "https://esm.sh/@supabase/realtime-js@2.12.2?target=denonext": "da6f8cd372389a3625ccdd0fc5e2f6c2d6cce4c0ea13a80067aaefca2c993c63",
    "https://esm.sh/@supabase/storage-js@2.10.2/denonext/storage-js.mjs": "3c00e7efbecc658b10ca32cdca3fd915472cb17bd71430576403c2000a1fbdcd",
    "https://esm.sh/@supabase/storage-js@2.10.2?target=denonext": "9b9f7d17cdfe5233976e50d15c2e2fedc1b9c5bc742f2cf6a62ef4425fd8e1f7",
    "https://esm.sh/@supabase/supabase-js@2.38.4": "039569070c2e83c292b347c39879a10e76aac6079c166f2e2677453a7799e933",
    "https://esm.sh/@supabase/supabase-js@2.38.4/denonext/supabase-js.mjs": "c9a6b6de54aa47e98b836b90dd0f7dd292afc990762b2c84e77aca92e94d05ba",
    "https://esm.sh/isows@1.0.7/denonext/isows.mjs": "be1812ebbf28737b43588bbcbd89bf43345e3d58d32be13def331d12361045b4",
    "https://esm.sh/isows@1.0.7?target=denonext": "31b7306eada995ba18e29841d688a42bcc0166caf302e1b183b6d2a7c649f262",
    "https://esm.sh/tr46@0.0.3/denonext/tr46.mjs": "5753ec0a99414f4055f0c1f97691100f13d88e48a8443b00aebb90a512785fa2",
    "https://esm.sh/tr46@0.0.3?target=denonext": "19cb9be0f0d418a0c3abb81f2df31f080e9540a04e43b0f699bce1149cba0cbb",
    "https://esm.sh/webidl-conversions@3.0.1/denonext/webidl-conversions.mjs": "54b5c2d50a294853c4ccebf9d5ed8988c94f4e24e463d84ec859a866ea5fafec",
    "https://esm.sh/webidl-conversions@3.0.1?target=denonext": "4e20318d50528084616c79d7b3f6e7f0fe7b6d09013bd01b3974d7448d767e29",
    "https://esm.sh/whatwg-url@5.0.0/denonext/whatwg-url.mjs": "29b16d74ee72624c915745bbd25b617cfd2248c6af0f5120d131e232a9a9af79",
    "https://esm.sh/whatwg-url@5.0.0?target=denonext": "f001a2cadf81312d214ca330033f474e74d81a003e21e8c5d70a1f46dc97b02d"
  },
  "workspace": {
    "packageJson": {
      "dependencies": [
        "npm:@auth/supabase-adapter@^1.10.0",
        "npm:@azure/msal-browser@^4.15.0",
        "npm:@langchain/core@~0.3.62",
        "npm:@langchain/langgraph@~0.3.7",
        "npm:@microsoft/microsoft-graph-client@^3.0.7",
        "npm:@opentelemetry/api@^1.9.0",
        "npm:@opentelemetry/sdk-trace-node@^2.0.1",
        "npm:@pipecat-ai/gemini-live-websocket-transport@1",
        "npm:@supabase/supabase-js@^2.52.0",
        "npm:@testing-library/react@^14.3.1",
        "npm:@upstash/redis@^1.35.1",
        "npm:firecrawl@^1.21.1",
        "npm:next-auth@^4.24.11",
        "npm:twilio@^5.7.2"
      ]
    },
    "members": {
      "frontend": {
        "packageJson": {
          "dependencies": [
            "npm:@ai-sdk/google@^1.2.22",
            "npm:@auth/supabase-adapter@^1.10.0",
            "npm:@axe-core/playwright@^4.10.2",
            "npm:@google/generative-ai@0.23",
            "npm:@hookform/resolvers@^5.1.1",
            "npm:@langchain/core@~0.3.62",
            "npm:@langchain/langgraph@~0.3.7",
            "npm:@mendable/firecrawl-js@^1.29.1",
            "npm:@microsoft/microsoft-graph-client@^3.0.7",
            "npm:@mswjs/interceptors@~0.39.2",
            "npm:@playwright/test@^1.40.1",
            "npm:@radix-ui/react-accordion@^1.2.11",
            "npm:@radix-ui/react-alert-dialog@^1.1.14",
            "npm:@radix-ui/react-avatar@^1.1.10",
            "npm:@radix-ui/react-checkbox@^1.3.2",
            "npm:@radix-ui/react-collapsible@^1.1.11",
            "npm:@radix-ui/react-dialog@^1.1.14",
            "npm:@radix-ui/react-dropdown-menu@^2.1.15",
            "npm:@radix-ui/react-icons@^1.3.2",
            "npm:@radix-ui/react-label@^2.1.7",
            "npm:@radix-ui/react-popover@^1.1.14",
            "npm:@radix-ui/react-progress@^1.1.7",
            "npm:@radix-ui/react-radio-group@^1.3.7",
            "npm:@radix-ui/react-scroll-area@^1.2.9",
            "npm:@radix-ui/react-select@^2.2.5",
            "npm:@radix-ui/react-separator@^1.1.7",
            "npm:@radix-ui/react-slider@^1.3.5",
            "npm:@radix-ui/react-slot@^1.2.3",
            "npm:@radix-ui/react-switch@^1.2.5",
            "npm:@radix-ui/react-tabs@^1.1.12",
            "npm:@radix-ui/react-toast@^1.2.14",
            "npm:@radix-ui/react-tooltip@^1.2.7",
            "npm:@supabase/auth-helpers-nextjs@0.10",
            "npm:@supabase/realtime-js@^2.10.1",
            "npm:@supabase/ssr@~0.6.1",
            "npm:@supabase/supabase-js@^2.43.4",
            "npm:@tanstack/react-query-devtools@^5.82.0",
            "npm:@tanstack/react-query@^5.45.1",
            "npm:@tanstack/react-table@^8.21.3",
            "npm:@testing-library/jest-dom@^6.1.4",
            "npm:@testing-library/react-hooks@^8.0.1",
            "npm:@testing-library/react@14",
            "npm:@testing-library/user-event@^14.5.1",
            "npm:@types/jest@^29.5.11",
            "npm:@types/node@^20.14.6",
            "npm:@types/react-dom@^18.3.0",
            "npm:@types/react-dropzone@^5.1.0",
            "npm:@types/react-syntax-highlighter@^15.5.13",
            "npm:@types/react-window-infinite-loader@^1.0.9",
            "npm:@types/react-window@^1.8.8",
            "npm:@types/react@^18.3.3",
            "npm:@types/uuid@10",
            "npm:@types/ws@^8.18.1",
            "npm:@upstash/ratelimit@^2.0.5",
            "npm:@upstash/redis@^1.35.1",
            "npm:ai@^4.3.19",
            "npm:autoprefixer@^10.4.19",
            "npm:axios@^1.7.2",
            "npm:class-variance-authority@~0.7.1",
            "npm:clsx@^2.1.1",
            "npm:date-fns-tz@^3.2.0",
            "npm:date-fns@^3.6.0",
            "npm:dotenv@^17.1.0",
            "npm:eslint-config-next@14.2.4",
            "npm:eslint@^8.57.0",
            "npm:eventemitter3@^5.0.1",
            "npm:framer-motion@^12.23.1",
            "npm:jest-environment-jsdom@^29.7.0",
            "npm:jest@^29.7.0",
            "npm:lru-cache@^11.1.0",
            "npm:lucide-react@0.394",
            "npm:msw@^2.10.3",
            "npm:next-auth@^4.24.11",
            "npm:next@^14.2.30",
            "npm:null-loader@^4.0.1",
            "npm:pdf-parse@^1.1.1",
            "npm:postcss@^8.4.38",
            "npm:react-day-picker@^9.8.0",
            "npm:react-dom@^18.3.1",
            "npm:react-dropzone@^14.3.8",
            "npm:react-hook-form@^7.60.0",
            "npm:react-hot-toast@^2.5.2",
            "npm:react-markdown@^10.1.0",
            "npm:react-syntax-highlighter@^15.6.1",
            "npm:react-window-infinite-loader@^1.0.10",
            "npm:react-window@^1.8.11",
            "npm:react@^18.3.1",
            "npm:recharts@^2.15.4",
            "npm:socket.io-client@^4.7.5",
            "npm:socket.io@^4.7.5",
            "npm:sonner@^2.0.6",
            "npm:tailwind-merge@^2.6.0",
            "npm:tailwindcss-animate@^1.0.7",
            "npm:tailwindcss@^3.4.4",
            "npm:ts-jest@^29.1.1",
            "npm:tsx@^4.20.3",
            "npm:twilio@^5.1.1",
            "npm:typescript@^5.5.2",
            "npm:undici@^7.11.0",
            "npm:uuid@^11.1.0",
            "npm:zod@^4.0.5",
            "npm:zustand@^4.5.2"
          ]
        }
      }
    }
  }
}
